{
  "originHash" : "94cabc67facd9945cc19d6c8e127e80db9f26d83b0693f783ed8e9fade188f53",
  "pins" : [
    {
      "identity" : "secp256k1.swift",
      "kind" : "remoteSourceControl",
      "location" : "https://github.com/GigaBitcoin/secp256k1.swift",
      "state" : {
        "revision" : "48fb20fce4ca3aad89180448a127d5bc16f0e44c",
        "version" : "0.10.0"
      }
    }
  ],
  "version" : 3
}
